{
  "version": "3",
  "packages": {
    "specifiers": {
      "jsr:@dldc/erreur@^7.1.1": "jsr:@dldc/erreur@7.1.1",
      "jsr:@dldc/pubsub@^7.0.1": "jsr:@dldc/pubsub@7.0.1",
      "jsr:@std/assert@^0.225.3": "jsr:@std/assert@0.225.3",
      "jsr:@std/expect@^0.224.1": "jsr:@std/expect@0.224.2",
      "jsr:@std/internal@^1.0.0": "jsr:@std/internal@1.0.1"
    },
    "jsr": {
      "@dldc/erreur@7.1.1": {
        "integrity": "9ba954ae0654e4ed003959c77aaa009fdf6c64f60bf4cfec33b134556ab0d6da"
      },
      "@dldc/pubsub@7.0.1": {
        "integrity": "6bbc57eba90b27925945799d7cfc3c25cc85a6f215d467c413dc5a7c3c3fe9eb",
        "dependencies": [
          "jsr:@dldc/erreur@^7.1.1"
        ]
      },
      "@std/assert@0.225.3": {
        "integrity": "b3c2847aecf6955b50644cdb9cf072004ea3d1998dd7579fc0acb99dbb23bd4f",
        "dependencies": [
          "jsr:@std/internal@^1.0.0"
        ]
      },
      "@std/expect@0.224.2": {
        "integrity": "789ba764319503b1669b54fad2d279f35fe708247548878c5fb44e0cacc40a8e",
        "dependencies": [
          "jsr:@std/assert@^0.225.3",
          "jsr:@std/internal@^1.0.0"
        ]
      },
      "@std/internal@1.0.1": {
        "integrity": "6f8c7544d06a11dd256c8d6ba54b11ed870aac6c5aeafff499892662c57673e6"
      }
    }
  },
  "remote": {},
  "workspace": {
    "dependencies": [
      "jsr:@dldc/erreur@^7.1.1",
      "jsr:@dldc/pubsub@^7.0.1",
      "jsr:@std/expect@^0.224.1"
    ]
  }
}
